
Microsoft Visual Studio Solution File, Format Version 12.00
# Visual Studio Version 17
VisualStudioVersion = 17.13.35919.96 d17.13
MinimumVisualStudioVersion = 10.0.40219.1
Project("{FAE04EC0-301F-11D3-BF4B-00C04F79EFBC}") = "WeChatAuto", "WeChatAuto\WeChatAuto.csproj", "{7150B9C4-CC45-445A-8495-434A92C24745}"
EndProject
Global
	GlobalSection(SolutionConfigurationPlatforms) = preSolution
		Debug|Any CPU = Debug|Any CPU
		Release|Any CPU = Release|Any CPU
	EndGlobalSection
	GlobalSection(ProjectConfigurationPlatforms) = postSolution
		{7150B9C4-CC45-445A-8495-434A92C24745}.Debug|Any CPU.ActiveCfg = Debug|Any CPU
		{7150B9C4-CC45-445A-8495-434A92C24745}.Debug|Any CPU.Build.0 = Debug|Any CPU
		{7150B9C4-CC45-445A-8495-434A92C24745}.Release|Any CPU.ActiveCfg = Release|Any CPU
		{7150B9C4-CC45-445A-8495-434A92C24745}.Release|Any CPU.Build.0 = Release|Any CPU
	EndGlobalSection
	GlobalSection(SolutionProperties) = preSolution
		HideSolutionNode = FALSE
	EndGlobalSection
	GlobalSection(ExtensibilityGlobals) = postSolution
		SolutionGuid = {1F6095FD-9419-4AAF-AFCE-D7F1407F039A}
	EndGlobalSection
EndGlobal
